
Microsoft Visual Studio Solution File, Format Version 10.00
# Visual Studio 2008
Project("{8BC9CEB8-8B4A-11D0-8D11-00A0C91BC942}") = "Lab5()", "Lab5()\Lab5().vcproj", "{FD4BD39B-3F38-4310-9262-3075B20548CF}"
EndProject
Global
	GlobalSection(SolutionConfigurationPlatforms) = preSolution
		Debug|Win32 = Debug|Win32
		Release|Win32 = Release|Win32
	EndGlobalSection
	GlobalSection(ProjectConfigurationPlatforms) = postSolution
		{FD4BD39B-3F38-4310-9262-3075B20548CF}.Debug|Win32.ActiveCfg = Debug|Win32
		{FD4BD39B-3F38-4310-9262-3075B20548CF}.Debug|Win32.Build.0 = Debug|Win32
		{FD4BD39B-3F38-4310-9262-3075B20548CF}.Release|Win32.ActiveCfg = Release|Win32
		{FD4BD39B-3F38-4310-9262-3075B20548CF}.Release|Win32.Build.0 = Release|Win32
	EndGlobalSection
	GlobalSection(SolutionProperties) = preSolution
		HideSolutionNode = FALSE
	EndGlobalSection
EndGlobal
