
Microsoft Visual Studio Solution File, Format Version 10.00
# Visual Studio 2008
Project("{8BC9CEB8-8B4A-11D0-8D11-00A0C91BC942}") = "samppp", "samppp\samppp.vcproj", "{7551500D-3034-4562-8E67-02569E389C58}"
EndProject
Global
	GlobalSection(SolutionConfigurationPlatforms) = preSolution
		Debug|Win32 = Debug|Win32
		Release|Win32 = Release|Win32
	EndGlobalSection
	GlobalSection(ProjectConfigurationPlatforms) = postSolution
		{7551500D-3034-4562-8E67-02569E389C58}.Debug|Win32.ActiveCfg = Debug|Win32
		{7551500D-3034-4562-8E67-02569E389C58}.Debug|Win32.Build.0 = Debug|Win32
		{7551500D-3034-4562-8E67-02569E389C58}.Release|Win32.ActiveCfg = Release|Win32
		{7551500D-3034-4562-8E67-02569E389C58}.Release|Win32.Build.0 = Release|Win32
	EndGlobalSection
	GlobalSection(SolutionProperties) = preSolution
		HideSolutionNode = FALSE
	EndGlobalSection
EndGlobal
